
Microsoft Visual Studio Solution File, Format Version 12.00
# Visual Studio Version 16
VisualStudioVersion = 16.0.30804.86
MinimumVisualStudioVersion = 10.0.40219.1
Project("{FAE04EC0-301F-11D3-BF4B-00C04F79EFBC}") = "PAI1", "PAI1.csproj", "{89EA3D94-A480-415F-B2E5-A0FE15F1795D}"
EndProject
Project("{9A19103F-16F7-4668-BE54-9A1E7A4F7556}") = "VNC.CoreNF", "..\..\vnc\VNC.Core\VNC.CoreNF.csproj", "{9204F2D9-383E-43B9-8B79-CB5B2FB28414}"
EndProject
Global
	GlobalSection(SolutionConfigurationPlatforms) = preSolution
		Debug|Any CPU = Debug|Any CPU
		Release|Any CPU = Release|Any CPU
	EndGlobalSection
	GlobalSection(ProjectConfigurationPlatforms) = postSolution
		{89EA3D94-A480-415F-B2E5-A0FE15F1795D}.Debug|Any CPU.ActiveCfg = Debug|Any CPU
		{89EA3D94-A480-415F-B2E5-A0FE15F1795D}.Debug|Any CPU.Build.0 = Debug|Any CPU
		{89EA3D94-A480-415F-B2E5-A0FE15F1795D}.Release|Any CPU.ActiveCfg = Release|Any CPU
		{89EA3D94-A480-415F-B2E5-A0FE15F1795D}.Release|Any CPU.Build.0 = Release|Any CPU
		{9204F2D9-383E-43B9-8B79-CB5B2FB28414}.Debug|Any CPU.ActiveCfg = Debug|Any CPU
		{9204F2D9-383E-43B9-8B79-CB5B2FB28414}.Debug|Any CPU.Build.0 = Debug|Any CPU
		{9204F2D9-383E-43B9-8B79-CB5B2FB28414}.Release|Any CPU.ActiveCfg = Release|Any CPU
		{9204F2D9-383E-43B9-8B79-CB5B2FB28414}.Release|Any CPU.Build.0 = Release|Any CPU
	EndGlobalSection
	GlobalSection(SolutionProperties) = preSolution
		HideSolutionNode = FALSE
	EndGlobalSection
	GlobalSection(ExtensibilityGlobals) = postSolution
		SolutionGuid = {C9697B7F-D98B-4078-8104-32F0299333D9}
	EndGlobalSection
EndGlobal
