
Microsoft Visual Studio Solution File, Format Version 12.00
# Visual Studio Version 16
VisualStudioVersion = 16.0.30413.136
MinimumVisualStudioVersion = 10.0.40219.1
Project("{FAE04EC0-301F-11D3-BF4B-00C04F79EFBC}") = "PrismApp1", "PrismApp1\PrismApp1.csproj", "{8C2D8DDE-26F5-44A5-8706-D840B7C74033}"
EndProject
Project("{FAE04EC0-301F-11D3-BF4B-00C04F79EFBC}") = "PrismApp1.Application", "PrismApp1.Application\PrismApp1.Application.csproj", "{81FE0F2A-18FF-4A2B-8D37-64A3BE6F4E09}"
EndProject
Project("{FAE04EC0-301F-11D3-BF4B-00C04F79EFBC}") = "PrismApp1.ApplicationServices", "PrismApp1.ApplicationServices\PrismApp1.ApplicationServices.csproj", "{B362250D-15F5-4F78-9E5C-F2ED00FA455E}"
EndProject
Project("{FAE04EC0-301F-11D3-BF4B-00C04F79EFBC}") = "PrismApp1.DomainServices", "PrismApp1.DomainServices\PrismApp1.DomainServices.csproj", "{82B9D69F-000C-4D3E-B1A9-8E882CFE29C8}"
EndProject
Project("{FAE04EC0-301F-11D3-BF4B-00C04F79EFBC}") = "VNC.Core", "..\VNC.Core\VNC.Core.csproj", "{C4E954D3-2A7A-48D2-B212-8B9A96BFEB4F}"
EndProject
Global
	GlobalSection(SolutionConfigurationPlatforms) = preSolution
		Debug|Any CPU = Debug|Any CPU
		Debug|x64 = Debug|x64
		Debug|x86 = Debug|x86
		Release|Any CPU = Release|Any CPU
		Release|x64 = Release|x64
		Release|x86 = Release|x86
	EndGlobalSection
	GlobalSection(ProjectConfigurationPlatforms) = postSolution
		{8C2D8DDE-26F5-44A5-8706-D840B7C74033}.Debug|Any CPU.ActiveCfg = Debug|Any CPU
		{8C2D8DDE-26F5-44A5-8706-D840B7C74033}.Debug|Any CPU.Build.0 = Debug|Any CPU
		{8C2D8DDE-26F5-44A5-8706-D840B7C74033}.Debug|x64.ActiveCfg = Debug|Any CPU
		{8C2D8DDE-26F5-44A5-8706-D840B7C74033}.Debug|x64.Build.0 = Debug|Any CPU
		{8C2D8DDE-26F5-44A5-8706-D840B7C74033}.Debug|x86.ActiveCfg = Debug|Any CPU
		{8C2D8DDE-26F5-44A5-8706-D840B7C74033}.Debug|x86.Build.0 = Debug|Any CPU
		{8C2D8DDE-26F5-44A5-8706-D840B7C74033}.Release|Any CPU.ActiveCfg = Release|Any CPU
		{8C2D8DDE-26F5-44A5-8706-D840B7C74033}.Release|Any CPU.Build.0 = Release|Any CPU
		{8C2D8DDE-26F5-44A5-8706-D840B7C74033}.Release|x64.ActiveCfg = Release|Any CPU
		{8C2D8DDE-26F5-44A5-8706-D840B7C74033}.Release|x64.Build.0 = Release|Any CPU
		{8C2D8DDE-26F5-44A5-8706-D840B7C74033}.Release|x86.ActiveCfg = Release|Any CPU
		{8C2D8DDE-26F5-44A5-8706-D840B7C74033}.Release|x86.Build.0 = Release|Any CPU
		{81FE0F2A-18FF-4A2B-8D37-64A3BE6F4E09}.Debug|Any CPU.ActiveCfg = Debug|Any CPU
		{81FE0F2A-18FF-4A2B-8D37-64A3BE6F4E09}.Debug|Any CPU.Build.0 = Debug|Any CPU
		{81FE0F2A-18FF-4A2B-8D37-64A3BE6F4E09}.Debug|x64.ActiveCfg = Debug|Any CPU
		{81FE0F2A-18FF-4A2B-8D37-64A3BE6F4E09}.Debug|x64.Build.0 = Debug|Any CPU
		{81FE0F2A-18FF-4A2B-8D37-64A3BE6F4E09}.Debug|x86.ActiveCfg = Debug|Any CPU
		{81FE0F2A-18FF-4A2B-8D37-64A3BE6F4E09}.Debug|x86.Build.0 = Debug|Any CPU
		{81FE0F2A-18FF-4A2B-8D37-64A3BE6F4E09}.Release|Any CPU.ActiveCfg = Release|Any CPU
		{81FE0F2A-18FF-4A2B-8D37-64A3BE6F4E09}.Release|Any CPU.Build.0 = Release|Any CPU
		{81FE0F2A-18FF-4A2B-8D37-64A3BE6F4E09}.Release|x64.ActiveCfg = Release|Any CPU
		{81FE0F2A-18FF-4A2B-8D37-64A3BE6F4E09}.Release|x64.Build.0 = Release|Any CPU
		{81FE0F2A-18FF-4A2B-8D37-64A3BE6F4E09}.Release|x86.ActiveCfg = Release|Any CPU
		{81FE0F2A-18FF-4A2B-8D37-64A3BE6F4E09}.Release|x86.Build.0 = Release|Any CPU
		{B362250D-15F5-4F78-9E5C-F2ED00FA455E}.Debug|Any CPU.ActiveCfg = Debug|Any CPU
		{B362250D-15F5-4F78-9E5C-F2ED00FA455E}.Debug|Any CPU.Build.0 = Debug|Any CPU
		{B362250D-15F5-4F78-9E5C-F2ED00FA455E}.Debug|x64.ActiveCfg = Debug|Any CPU
		{B362250D-15F5-4F78-9E5C-F2ED00FA455E}.Debug|x64.Build.0 = Debug|Any CPU
		{B362250D-15F5-4F78-9E5C-F2ED00FA455E}.Debug|x86.ActiveCfg = Debug|Any CPU
		{B362250D-15F5-4F78-9E5C-F2ED00FA455E}.Debug|x86.Build.0 = Debug|Any CPU
		{B362250D-15F5-4F78-9E5C-F2ED00FA455E}.Release|Any CPU.ActiveCfg = Release|Any CPU
		{B362250D-15F5-4F78-9E5C-F2ED00FA455E}.Release|Any CPU.Build.0 = Release|Any CPU
		{B362250D-15F5-4F78-9E5C-F2ED00FA455E}.Release|x64.ActiveCfg = Release|Any CPU
		{B362250D-15F5-4F78-9E5C-F2ED00FA455E}.Release|x64.Build.0 = Release|Any CPU
		{B362250D-15F5-4F78-9E5C-F2ED00FA455E}.Release|x86.ActiveCfg = Release|Any CPU
		{B362250D-15F5-4F78-9E5C-F2ED00FA455E}.Release|x86.Build.0 = Release|Any CPU
		{82B9D69F-000C-4D3E-B1A9-8E882CFE29C8}.Debug|Any CPU.ActiveCfg = Debug|Any CPU
		{82B9D69F-000C-4D3E-B1A9-8E882CFE29C8}.Debug|Any CPU.Build.0 = Debug|Any CPU
		{82B9D69F-000C-4D3E-B1A9-8E882CFE29C8}.Debug|x64.ActiveCfg = Debug|Any CPU
		{82B9D69F-000C-4D3E-B1A9-8E882CFE29C8}.Debug|x64.Build.0 = Debug|Any CPU
		{82B9D69F-000C-4D3E-B1A9-8E882CFE29C8}.Debug|x86.ActiveCfg = Debug|Any CPU
		{82B9D69F-000C-4D3E-B1A9-8E882CFE29C8}.Debug|x86.Build.0 = Debug|Any CPU
		{82B9D69F-000C-4D3E-B1A9-8E882CFE29C8}.Release|Any CPU.ActiveCfg = Release|Any CPU
		{82B9D69F-000C-4D3E-B1A9-8E882CFE29C8}.Release|Any CPU.Build.0 = Release|Any CPU
		{82B9D69F-000C-4D3E-B1A9-8E882CFE29C8}.Release|x64.ActiveCfg = Release|Any CPU
		{82B9D69F-000C-4D3E-B1A9-8E882CFE29C8}.Release|x64.Build.0 = Release|Any CPU
		{82B9D69F-000C-4D3E-B1A9-8E882CFE29C8}.Release|x86.ActiveCfg = Release|Any CPU
		{82B9D69F-000C-4D3E-B1A9-8E882CFE29C8}.Release|x86.Build.0 = Release|Any CPU
		{C4E954D3-2A7A-48D2-B212-8B9A96BFEB4F}.Debug|Any CPU.ActiveCfg = Debug|Any CPU
		{C4E954D3-2A7A-48D2-B212-8B9A96BFEB4F}.Debug|Any CPU.Build.0 = Debug|Any CPU
		{C4E954D3-2A7A-48D2-B212-8B9A96BFEB4F}.Debug|x64.ActiveCfg = Debug|x64
		{C4E954D3-2A7A-48D2-B212-8B9A96BFEB4F}.Debug|x64.Build.0 = Debug|x64
		{C4E954D3-2A7A-48D2-B212-8B9A96BFEB4F}.Debug|x86.ActiveCfg = Debug|x86
		{C4E954D3-2A7A-48D2-B212-8B9A96BFEB4F}.Debug|x86.Build.0 = Debug|x86
		{C4E954D3-2A7A-48D2-B212-8B9A96BFEB4F}.Release|Any CPU.ActiveCfg = Release|Any CPU
		{C4E954D3-2A7A-48D2-B212-8B9A96BFEB4F}.Release|Any CPU.Build.0 = Release|Any CPU
		{C4E954D3-2A7A-48D2-B212-8B9A96BFEB4F}.Release|x64.ActiveCfg = Release|x64
		{C4E954D3-2A7A-48D2-B212-8B9A96BFEB4F}.Release|x64.Build.0 = Release|x64
		{C4E954D3-2A7A-48D2-B212-8B9A96BFEB4F}.Release|x86.ActiveCfg = Release|x86
		{C4E954D3-2A7A-48D2-B212-8B9A96BFEB4F}.Release|x86.Build.0 = Release|x86
	EndGlobalSection
	GlobalSection(SolutionProperties) = preSolution
		HideSolutionNode = FALSE
	EndGlobalSection
	GlobalSection(ExtensibilityGlobals) = postSolution
		SolutionGuid = {1BFB7581-2193-4BCB-93C9-ECAE312CD5CF}
	EndGlobalSection
EndGlobal
