
Microsoft Visual Studio Solution File, Format Version 12.00
# Visual Studio Version 16
VisualStudioVersion = 16.0.30717.126
MinimumVisualStudioVersion = 10.0.40219.1
Project("{FAE04EC0-301F-11D3-BF4B-00C04F79EFBC}") = "App3", "App3.csproj", "{B315E67D-153C-48D3-BE28-FC1A136B9B18}"
EndProject
Project("{9A19103F-16F7-4668-BE54-9A1E7A4F7556}") = "VNC.CoreNF", "..\..\vnc\VNC.Core\VNC.CoreNF.csproj", "{AA65ABB1-0461-4D77-B85B-7849F9C2C5C7}"
EndProject
Global
	GlobalSection(SolutionConfigurationPlatforms) = preSolution
		Debug|Any CPU = Debug|Any CPU
		Release|Any CPU = Release|Any CPU
	EndGlobalSection
	GlobalSection(ProjectConfigurationPlatforms) = postSolution
		{B315E67D-153C-48D3-BE28-FC1A136B9B18}.Debug|Any CPU.ActiveCfg = Debug|Any CPU
		{B315E67D-153C-48D3-BE28-FC1A136B9B18}.Debug|Any CPU.Build.0 = Debug|Any CPU
		{B315E67D-153C-48D3-BE28-FC1A136B9B18}.Release|Any CPU.ActiveCfg = Release|Any CPU
		{B315E67D-153C-48D3-BE28-FC1A136B9B18}.Release|Any CPU.Build.0 = Release|Any CPU
		{AA65ABB1-0461-4D77-B85B-7849F9C2C5C7}.Debug|Any CPU.ActiveCfg = Debug|Any CPU
		{AA65ABB1-0461-4D77-B85B-7849F9C2C5C7}.Debug|Any CPU.Build.0 = Debug|Any CPU
		{AA65ABB1-0461-4D77-B85B-7849F9C2C5C7}.Release|Any CPU.ActiveCfg = Release|Any CPU
		{AA65ABB1-0461-4D77-B85B-7849F9C2C5C7}.Release|Any CPU.Build.0 = Release|Any CPU
	EndGlobalSection
	GlobalSection(SolutionProperties) = preSolution
		HideSolutionNode = FALSE
	EndGlobalSection
	GlobalSection(ExtensibilityGlobals) = postSolution
		SolutionGuid = {70A667B2-057F-4B63-B52D-B29D19464866}
	EndGlobalSection
EndGlobal
