
Microsoft Visual Studio Solution File, Format Version 12.00
# Visual Studio Version 16
VisualStudioVersion = 16.0.30717.126
MinimumVisualStudioVersion = 10.0.40219.1
Project("{9A19103F-16F7-4668-BE54-9A1E7A4F7556}") = "PrismAppEF5", "PrismAppEF5.csproj", "{DCC875D2-44F0-403A-A6F5-9E645FF31B3F}"
EndProject
Project("{9A19103F-16F7-4668-BE54-9A1E7A4F7556}") = "VNC.CoreNF", "..\..\vnc\VNC.Core\VNC.CoreNF.csproj", "{1C9084D6-CA85-4E94-9232-E35A044867C0}"
EndProject
Global
	GlobalSection(SolutionConfigurationPlatforms) = preSolution
		Debug|Any CPU = Debug|Any CPU
		Release|Any CPU = Release|Any CPU
	EndGlobalSection
	GlobalSection(ProjectConfigurationPlatforms) = postSolution
		{DCC875D2-44F0-403A-A6F5-9E645FF31B3F}.Debug|Any CPU.ActiveCfg = Debug|Any CPU
		{DCC875D2-44F0-403A-A6F5-9E645FF31B3F}.Debug|Any CPU.Build.0 = Debug|Any CPU
		{DCC875D2-44F0-403A-A6F5-9E645FF31B3F}.Release|Any CPU.ActiveCfg = Release|Any CPU
		{DCC875D2-44F0-403A-A6F5-9E645FF31B3F}.Release|Any CPU.Build.0 = Release|Any CPU
		{1C9084D6-CA85-4E94-9232-E35A044867C0}.Debug|Any CPU.ActiveCfg = Debug|Any CPU
		{1C9084D6-CA85-4E94-9232-E35A044867C0}.Debug|Any CPU.Build.0 = Debug|Any CPU
		{1C9084D6-CA85-4E94-9232-E35A044867C0}.Release|Any CPU.ActiveCfg = Release|Any CPU
		{1C9084D6-CA85-4E94-9232-E35A044867C0}.Release|Any CPU.Build.0 = Release|Any CPU
	EndGlobalSection
	GlobalSection(SolutionProperties) = preSolution
		HideSolutionNode = FALSE
	EndGlobalSection
	GlobalSection(ExtensibilityGlobals) = postSolution
		SolutionGuid = {1C5EFD96-6490-475C-AF85-49217CECFB21}
	EndGlobalSection
EndGlobal
