
Microsoft Visual Studio Solution File, Format Version 12.00
# Visual Studio 15
VisualStudioVersion = 15.0.27703.2047
MinimumVisualStudioVersion = 10.0.40219.1
Project("{FAE04EC0-301F-11D3-BF4B-00C04F79EFBC}") = "EASECommandConsole", "EASECommandConsole\EASECommandConsole.csproj", "{48AED3D3-9CDE-4CE3-BFB0-923235AC6105}"
EndProject
Project("{FAE04EC0-301F-11D3-BF4B-00C04F79EFBC}") = "Business", "Domain\Business.csproj", "{AE529EDE-3D2F-4A49-B0A1-81BC838008CB}"
EndProject
Project("{2150E333-8FDC-42A3-9474-1A3956D46DE8}") = "Modules", "Modules", "{D90036B6-C61A-4510-A187-15F608189C0B}"
EndProject
Project("{2150E333-8FDC-42A3-9474-1A3956D46DE8}") = "Services", "Services", "{7BDE13D6-171E-4BF1-9F6A-B1D8109B7250}"
EndProject
Project("{2150E333-8FDC-42A3-9474-1A3956D46DE8}") = "Repositories", "Repositories", "{D073F81D-5348-4D38-A0BF-5D1424B8F5AE}"
EndProject
Project("{2150E333-8FDC-42A3-9474-1A3956D46DE8}") = "Domain", "Domain", "{F70F1140-48CD-47E3-A855-BCFF73793081}"
EndProject
Project("{FAE04EC0-301F-11D3-BF4B-00C04F79EFBC}") = "LineStatusBodyShopViewer", "Modules\LineStatusBodyShopViewer\LineStatusBodyShopViewer.csproj", "{0ABAE659-AC80-4511-BD4C-275A13164304}"
EndProject
Project("{FAE04EC0-301F-11D3-BF4B-00C04F79EFBC}") = "LineStatusViewer", "Modules\LineStatusViewer\LineStatusViewer.csproj", "{F7F0C0D1-5E67-4DDF-B716-080D8ABF930B}"
EndProject
Project("{2150E333-8FDC-42A3-9474-1A3956D46DE8}") = "Infrastructure", "Infrastructure", "{6816A304-35CE-4458-9E06-6F5004614AE7}"
EndProject
Project("{FAE04EC0-301F-11D3-BF4B-00C04F79EFBC}") = "Infrastructure", "Infrastructure\Infrastructure.csproj", "{55B3CC3E-3DFC-4FEA-A93F-F13667074D74}"
EndProject
Project("{2150E333-8FDC-42A3-9474-1A3956D46DE8}") = "Data", "Data", "{D9B3CB37-BE78-4AC5-A723-A87F0F3BA503}"
EndProject
Project("{FAE04EC0-301F-11D3-BF4B-00C04F79EFBC}") = "AMLLinesEDMX", "Data\AMLLinesEDMX\AMLLinesEDMX.csproj", "{C1AB978C-EAAB-46D5-9015-BC35FF72734A}"
EndProject
Project("{FAE04EC0-301F-11D3-BF4B-00C04F79EFBC}") = "AMLLinesEDMXCodeFirst", "Data\AMLLinesEDMXCodeFirst\AMLLinesEDMXCodeFirst.csproj", "{195265F3-C1D7-468C-94E7-D2E9FBAE1030}"
EndProject
Project("{FAE04EC0-301F-11D3-BF4B-00C04F79EFBC}") = "AMLVehicle", "Data\AMLVehicle\AMLVehicle.csproj", "{2473C957-6B91-405C-9DFB-0EFCE38FC78A}"
EndProject
Global
	GlobalSection(SolutionConfigurationPlatforms) = preSolution
		Debug|Any CPU = Debug|Any CPU
		Release|Any CPU = Release|Any CPU
	EndGlobalSection
	GlobalSection(ProjectConfigurationPlatforms) = postSolution
		{48AED3D3-9CDE-4CE3-BFB0-923235AC6105}.Debug|Any CPU.ActiveCfg = Debug|Any CPU
		{48AED3D3-9CDE-4CE3-BFB0-923235AC6105}.Debug|Any CPU.Build.0 = Debug|Any CPU
		{48AED3D3-9CDE-4CE3-BFB0-923235AC6105}.Release|Any CPU.ActiveCfg = Release|Any CPU
		{48AED3D3-9CDE-4CE3-BFB0-923235AC6105}.Release|Any CPU.Build.0 = Release|Any CPU
		{AE529EDE-3D2F-4A49-B0A1-81BC838008CB}.Debug|Any CPU.ActiveCfg = Debug|Any CPU
		{AE529EDE-3D2F-4A49-B0A1-81BC838008CB}.Debug|Any CPU.Build.0 = Debug|Any CPU
		{AE529EDE-3D2F-4A49-B0A1-81BC838008CB}.Release|Any CPU.ActiveCfg = Release|Any CPU
		{AE529EDE-3D2F-4A49-B0A1-81BC838008CB}.Release|Any CPU.Build.0 = Release|Any CPU
		{3D9A8549-A7A8-4DF9-829E-AEAE7ECACACA}.Debug|Any CPU.ActiveCfg = Debug|Any CPU
		{3D9A8549-A7A8-4DF9-829E-AEAE7ECACACA}.Debug|Any CPU.Build.0 = Debug|Any CPU
		{3D9A8549-A7A8-4DF9-829E-AEAE7ECACACA}.Release|Any CPU.ActiveCfg = Release|Any CPU
		{3D9A8549-A7A8-4DF9-829E-AEAE7ECACACA}.Release|Any CPU.Build.0 = Release|Any CPU
		{5FE8AD75-B070-4A7F-9587-C40EE51BDD44}.Debug|Any CPU.ActiveCfg = Debug|Any CPU
		{5FE8AD75-B070-4A7F-9587-C40EE51BDD44}.Debug|Any CPU.Build.0 = Debug|Any CPU
		{5FE8AD75-B070-4A7F-9587-C40EE51BDD44}.Release|Any CPU.ActiveCfg = Release|Any CPU
		{5FE8AD75-B070-4A7F-9587-C40EE51BDD44}.Release|Any CPU.Build.0 = Release|Any CPU
		{B557CD54-35F3-4003-A6EE-CF1F3EDFA76E}.Debug|Any CPU.ActiveCfg = Debug|Any CPU
		{B557CD54-35F3-4003-A6EE-CF1F3EDFA76E}.Debug|Any CPU.Build.0 = Debug|Any CPU
		{B557CD54-35F3-4003-A6EE-CF1F3EDFA76E}.Release|Any CPU.ActiveCfg = Release|Any CPU
		{B557CD54-35F3-4003-A6EE-CF1F3EDFA76E}.Release|Any CPU.Build.0 = Release|Any CPU
		{8EBA64E3-198D-4456-B9BF-D7EF9BD2CBCE}.Debug|Any CPU.ActiveCfg = Debug|Any CPU
		{8EBA64E3-198D-4456-B9BF-D7EF9BD2CBCE}.Debug|Any CPU.Build.0 = Debug|Any CPU
		{8EBA64E3-198D-4456-B9BF-D7EF9BD2CBCE}.Release|Any CPU.ActiveCfg = Release|Any CPU
		{8EBA64E3-198D-4456-B9BF-D7EF9BD2CBCE}.Release|Any CPU.Build.0 = Release|Any CPU
		{7740BF98-CCC7-4A90-8147-C982AEF8C47A}.Debug|Any CPU.ActiveCfg = Debug|Any CPU
		{7740BF98-CCC7-4A90-8147-C982AEF8C47A}.Debug|Any CPU.Build.0 = Debug|Any CPU
		{7740BF98-CCC7-4A90-8147-C982AEF8C47A}.Release|Any CPU.ActiveCfg = Release|Any CPU
		{7740BF98-CCC7-4A90-8147-C982AEF8C47A}.Release|Any CPU.Build.0 = Release|Any CPU
		{BD4A192E-C418-4FB6-8499-1FBD5BD7C4BA}.Debug|Any CPU.ActiveCfg = Debug|Any CPU
		{BD4A192E-C418-4FB6-8499-1FBD5BD7C4BA}.Debug|Any CPU.Build.0 = Debug|Any CPU
		{BD4A192E-C418-4FB6-8499-1FBD5BD7C4BA}.Release|Any CPU.ActiveCfg = Release|Any CPU
		{BD4A192E-C418-4FB6-8499-1FBD5BD7C4BA}.Release|Any CPU.Build.0 = Release|Any CPU
		{7759CD68-76B5-48FB-8427-086C54968A29}.Debug|Any CPU.ActiveCfg = Debug|Any CPU
		{7759CD68-76B5-48FB-8427-086C54968A29}.Debug|Any CPU.Build.0 = Debug|Any CPU
		{7759CD68-76B5-48FB-8427-086C54968A29}.Release|Any CPU.ActiveCfg = Release|Any CPU
		{7759CD68-76B5-48FB-8427-086C54968A29}.Release|Any CPU.Build.0 = Release|Any CPU
		{25A262B7-9146-4EE3-8D2F-321172A03BD2}.Debug|Any CPU.ActiveCfg = Debug|Any CPU
		{25A262B7-9146-4EE3-8D2F-321172A03BD2}.Debug|Any CPU.Build.0 = Debug|Any CPU
		{25A262B7-9146-4EE3-8D2F-321172A03BD2}.Release|Any CPU.ActiveCfg = Release|Any CPU
		{25A262B7-9146-4EE3-8D2F-321172A03BD2}.Release|Any CPU.Build.0 = Release|Any CPU
		{08719960-A23E-4481-A512-F2097957F096}.Debug|Any CPU.ActiveCfg = Debug|Any CPU
		{08719960-A23E-4481-A512-F2097957F096}.Debug|Any CPU.Build.0 = Debug|Any CPU
		{08719960-A23E-4481-A512-F2097957F096}.Release|Any CPU.ActiveCfg = Release|Any CPU
		{08719960-A23E-4481-A512-F2097957F096}.Release|Any CPU.Build.0 = Release|Any CPU
		{22D242EB-8113-49E3-8CC9-03A41E3B185E}.Debug|Any CPU.ActiveCfg = Debug|Any CPU
		{22D242EB-8113-49E3-8CC9-03A41E3B185E}.Debug|Any CPU.Build.0 = Debug|Any CPU
		{22D242EB-8113-49E3-8CC9-03A41E3B185E}.Release|Any CPU.ActiveCfg = Release|Any CPU
		{22D242EB-8113-49E3-8CC9-03A41E3B185E}.Release|Any CPU.Build.0 = Release|Any CPU
		{003702D8-E922-4539-80D4-15AAB22FF29D}.Debug|Any CPU.ActiveCfg = Debug|Any CPU
		{003702D8-E922-4539-80D4-15AAB22FF29D}.Debug|Any CPU.Build.0 = Debug|Any CPU
		{003702D8-E922-4539-80D4-15AAB22FF29D}.Release|Any CPU.ActiveCfg = Release|Any CPU
		{003702D8-E922-4539-80D4-15AAB22FF29D}.Release|Any CPU.Build.0 = Release|Any CPU
		{0ABAE659-AC80-4511-BD4C-275A13164304}.Debug|Any CPU.ActiveCfg = Debug|Any CPU
		{0ABAE659-AC80-4511-BD4C-275A13164304}.Debug|Any CPU.Build.0 = Debug|Any CPU
		{0ABAE659-AC80-4511-BD4C-275A13164304}.Release|Any CPU.ActiveCfg = Release|Any CPU
		{0ABAE659-AC80-4511-BD4C-275A13164304}.Release|Any CPU.Build.0 = Release|Any CPU
		{F7F0C0D1-5E67-4DDF-B716-080D8ABF930B}.Debug|Any CPU.ActiveCfg = Debug|Any CPU
		{F7F0C0D1-5E67-4DDF-B716-080D8ABF930B}.Debug|Any CPU.Build.0 = Debug|Any CPU
		{F7F0C0D1-5E67-4DDF-B716-080D8ABF930B}.Release|Any CPU.ActiveCfg = Release|Any CPU
		{F7F0C0D1-5E67-4DDF-B716-080D8ABF930B}.Release|Any CPU.Build.0 = Release|Any CPU
		{3104F414-EC1F-415B-BC49-C72ABDC0E529}.Debug|Any CPU.ActiveCfg = Debug|Any CPU
		{3104F414-EC1F-415B-BC49-C72ABDC0E529}.Debug|Any CPU.Build.0 = Debug|Any CPU
		{3104F414-EC1F-415B-BC49-C72ABDC0E529}.Release|Any CPU.ActiveCfg = Release|Any CPU
		{3104F414-EC1F-415B-BC49-C72ABDC0E529}.Release|Any CPU.Build.0 = Release|Any CPU
		{55B3CC3E-3DFC-4FEA-A93F-F13667074D74}.Debug|Any CPU.ActiveCfg = Debug|Any CPU
		{55B3CC3E-3DFC-4FEA-A93F-F13667074D74}.Debug|Any CPU.Build.0 = Debug|Any CPU
		{55B3CC3E-3DFC-4FEA-A93F-F13667074D74}.Release|Any CPU.ActiveCfg = Release|Any CPU
		{55B3CC3E-3DFC-4FEA-A93F-F13667074D74}.Release|Any CPU.Build.0 = Release|Any CPU
		{C1AB978C-EAAB-46D5-9015-BC35FF72734A}.Debug|Any CPU.ActiveCfg = Debug|Any CPU
		{C1AB978C-EAAB-46D5-9015-BC35FF72734A}.Debug|Any CPU.Build.0 = Debug|Any CPU
		{C1AB978C-EAAB-46D5-9015-BC35FF72734A}.Release|Any CPU.ActiveCfg = Release|Any CPU
		{C1AB978C-EAAB-46D5-9015-BC35FF72734A}.Release|Any CPU.Build.0 = Release|Any CPU
		{195265F3-C1D7-468C-94E7-D2E9FBAE1030}.Debug|Any CPU.ActiveCfg = Debug|Any CPU
		{195265F3-C1D7-468C-94E7-D2E9FBAE1030}.Debug|Any CPU.Build.0 = Debug|Any CPU
		{195265F3-C1D7-468C-94E7-D2E9FBAE1030}.Release|Any CPU.ActiveCfg = Release|Any CPU
		{195265F3-C1D7-468C-94E7-D2E9FBAE1030}.Release|Any CPU.Build.0 = Release|Any CPU
		{2473C957-6B91-405C-9DFB-0EFCE38FC78A}.Debug|Any CPU.ActiveCfg = Debug|Any CPU
		{2473C957-6B91-405C-9DFB-0EFCE38FC78A}.Debug|Any CPU.Build.0 = Debug|Any CPU
		{2473C957-6B91-405C-9DFB-0EFCE38FC78A}.Release|Any CPU.ActiveCfg = Release|Any CPU
		{2473C957-6B91-405C-9DFB-0EFCE38FC78A}.Release|Any CPU.Build.0 = Release|Any CPU
	EndGlobalSection
	GlobalSection(SolutionProperties) = preSolution
		HideSolutionNode = FALSE
	EndGlobalSection
	GlobalSection(NestedProjects) = preSolution
		{48AED3D3-9CDE-4CE3-BFB0-923235AC6105} = {AC45DCC6-3CD6-446D-B99C-16AE8606EAAE}
		{AE529EDE-3D2F-4A49-B0A1-81BC838008CB} = {F70F1140-48CD-47E3-A855-BCFF73793081}
		{3D9A8549-A7A8-4DF9-829E-AEAE7ECACACA} = {D90036B6-C61A-4510-A187-15F608189C0B}
		{5FE8AD75-B070-4A7F-9587-C40EE51BDD44} = {7BDE13D6-171E-4BF1-9F6A-B1D8109B7250}
		{B557CD54-35F3-4003-A6EE-CF1F3EDFA76E} = {F70F1140-48CD-47E3-A855-BCFF73793081}
		{8EBA64E3-198D-4456-B9BF-D7EF9BD2CBCE} = {D073F81D-5348-4D38-A0BF-5D1424B8F5AE}
		{7740BF98-CCC7-4A90-8147-C982AEF8C47A} = {D073F81D-5348-4D38-A0BF-5D1424B8F5AE}
		{BD4A192E-C418-4FB6-8499-1FBD5BD7C4BA} = {D90036B6-C61A-4510-A187-15F608189C0B}
		{7759CD68-76B5-48FB-8427-086C54968A29} = {D90036B6-C61A-4510-A187-15F608189C0B}
		{25A262B7-9146-4EE3-8D2F-321172A03BD2} = {21C780FB-49A1-4711-A81D-430E04A7186C}
		{08719960-A23E-4481-A512-F2097957F096} = {2BE083F5-43EB-482D-9241-A7B2C0E65E14}
		{22D242EB-8113-49E3-8CC9-03A41E3B185E} = {D073F81D-5348-4D38-A0BF-5D1424B8F5AE}
		{003702D8-E922-4539-80D4-15AAB22FF29D} = {D073F81D-5348-4D38-A0BF-5D1424B8F5AE}
		{0ABAE659-AC80-4511-BD4C-275A13164304} = {D90036B6-C61A-4510-A187-15F608189C0B}
		{F7F0C0D1-5E67-4DDF-B716-080D8ABF930B} = {D90036B6-C61A-4510-A187-15F608189C0B}
		{3104F414-EC1F-415B-BC49-C72ABDC0E529} = {D90036B6-C61A-4510-A187-15F608189C0B}
		{55B3CC3E-3DFC-4FEA-A93F-F13667074D74} = {6816A304-35CE-4458-9E06-6F5004614AE7}
		{C1AB978C-EAAB-46D5-9015-BC35FF72734A} = {D9B3CB37-BE78-4AC5-A723-A87F0F3BA503}
		{195265F3-C1D7-468C-94E7-D2E9FBAE1030} = {D9B3CB37-BE78-4AC5-A723-A87F0F3BA503}
		{2473C957-6B91-405C-9DFB-0EFCE38FC78A} = {D9B3CB37-BE78-4AC5-A723-A87F0F3BA503}
	EndGlobalSection
	GlobalSection(ExtensibilityGlobals) = postSolution
		SolutionGuid = {1D0977A9-5A9B-46C2-9C21-5C36A12E2C91}
	EndGlobalSection
EndGlobal
