
Microsoft Visual Studio Solution File, Format Version 12.00
# Visual Studio Version 17
VisualStudioVersion = 17.6.33815.320
MinimumVisualStudioVersion = 10.0.40219.1
Project("{FAE04EC0-301F-11D3-BF4B-00C04F79EFBC}") = "PAEF2.Core", "PAEF2.Core\PAEF2.Core.csproj", "{93B07020-B04C-4D41-B499-8E7CA9895940}"
EndProject
Project("{FAE04EC0-301F-11D3-BF4B-00C04F79EFBC}") = "PAEF2.Domain", "PAEF2.Domain\PAEF2.Domain.csproj", "{26A55EF7-BE5D-49B2-9FF5-225411C5828C}"
EndProject
Project("{FAE04EC0-301F-11D3-BF4B-00C04F79EFBC}") = "PAEF2", "PAEF2\PAEF2.csproj", "{B43B7A07-C939-42EB-BD79-93C638596529}"
EndProject
Global
	GlobalSection(SolutionConfigurationPlatforms) = preSolution
		Debug|Any CPU = Debug|Any CPU
		Release|Any CPU = Release|Any CPU
	EndGlobalSection
	GlobalSection(ProjectConfigurationPlatforms) = postSolution
		{93B07020-B04C-4D41-B499-8E7CA9895940}.Debug|Any CPU.ActiveCfg = Debug|Any CPU
		{93B07020-B04C-4D41-B499-8E7CA9895940}.Debug|Any CPU.Build.0 = Debug|Any CPU
		{93B07020-B04C-4D41-B499-8E7CA9895940}.Release|Any CPU.ActiveCfg = Release|Any CPU
		{93B07020-B04C-4D41-B499-8E7CA9895940}.Release|Any CPU.Build.0 = Release|Any CPU
		{26A55EF7-BE5D-49B2-9FF5-225411C5828C}.Debug|Any CPU.ActiveCfg = Debug|Any CPU
		{26A55EF7-BE5D-49B2-9FF5-225411C5828C}.Debug|Any CPU.Build.0 = Debug|Any CPU
		{26A55EF7-BE5D-49B2-9FF5-225411C5828C}.Release|Any CPU.ActiveCfg = Release|Any CPU
		{26A55EF7-BE5D-49B2-9FF5-225411C5828C}.Release|Any CPU.Build.0 = Release|Any CPU
		{B43B7A07-C939-42EB-BD79-93C638596529}.Debug|Any CPU.ActiveCfg = Debug|Any CPU
		{B43B7A07-C939-42EB-BD79-93C638596529}.Debug|Any CPU.Build.0 = Debug|Any CPU
		{B43B7A07-C939-42EB-BD79-93C638596529}.Release|Any CPU.ActiveCfg = Release|Any CPU
		{B43B7A07-C939-42EB-BD79-93C638596529}.Release|Any CPU.Build.0 = Release|Any CPU
	EndGlobalSection
	GlobalSection(SolutionProperties) = preSolution
		HideSolutionNode = FALSE
	EndGlobalSection
	GlobalSection(ExtensibilityGlobals) = postSolution
		SolutionGuid = {1827BC33-CE36-4CD6-A95B-D5CAC665F702}
	EndGlobalSection
EndGlobal
