
Microsoft Visual Studio Solution File, Format Version 12.00
# Visual Studio Version 16
VisualStudioVersion = 16.0.30717.126
MinimumVisualStudioVersion = 10.0.40219.1
Project("{FAE04EC0-301F-11D3-BF4B-00C04F79EFBC}") = "PrismApp0", "PrismApp0.csproj", "{598B28DE-0D3D-4A39-8359-45E8B55BFDC8}"
EndProject
Global
	GlobalSection(SolutionConfigurationPlatforms) = preSolution
		Debug|Any CPU = Debug|Any CPU
		Release|Any CPU = Release|Any CPU
	EndGlobalSection
	GlobalSection(ProjectConfigurationPlatforms) = postSolution
		{598B28DE-0D3D-4A39-8359-45E8B55BFDC8}.Debug|Any CPU.ActiveCfg = Debug|Any CPU
		{598B28DE-0D3D-4A39-8359-45E8B55BFDC8}.Debug|Any CPU.Build.0 = Debug|Any CPU
		{598B28DE-0D3D-4A39-8359-45E8B55BFDC8}.Release|Any CPU.ActiveCfg = Release|Any CPU
		{598B28DE-0D3D-4A39-8359-45E8B55BFDC8}.Release|Any CPU.Build.0 = Release|Any CPU
	EndGlobalSection
	GlobalSection(SolutionProperties) = preSolution
		HideSolutionNode = FALSE
	EndGlobalSection
	GlobalSection(ExtensibilityGlobals) = postSolution
		SolutionGuid = {FC47D88A-A9DB-4241-AB85-FCC65AA2D147}
	EndGlobalSection
EndGlobal
