
Microsoft Visual Studio Solution File, Format Version 12.00
# Visual Studio Version 16
VisualStudioVersion = 16.0.31105.61
MinimumVisualStudioVersion = 10.0.40219.1
Project("{9A19103F-16F7-4668-BE54-9A1E7A4F7556}") = "PAEF1", "PAEF1.csproj", "{FDB388DC-CA3A-480D-8352-F7A7631E94A0}"
EndProject
Project("{9A19103F-16F7-4668-BE54-9A1E7A4F7556}") = "PAEF1.Core", "..\PAEF1.Core\PAEF1.Core.csproj", "{88035E7E-231B-4EE1-BB90-00E154B95EFA}"
EndProject
Project("{FAE04EC0-301F-11D3-BF4B-00C04F79EFBC}") = "PAEF1.Animals", "..\PAEF1.Animals\PAEF1.Animals.csproj", "{7FA78808-65A7-4FFE-971F-E798BA058C06}"
EndProject
Global
	GlobalSection(SolutionConfigurationPlatforms) = preSolution
		Debug|Any CPU = Debug|Any CPU
		Release|Any CPU = Release|Any CPU
	EndGlobalSection
	GlobalSection(ProjectConfigurationPlatforms) = postSolution
		{FDB388DC-CA3A-480D-8352-F7A7631E94A0}.Debug|Any CPU.ActiveCfg = Debug|Any CPU
		{FDB388DC-CA3A-480D-8352-F7A7631E94A0}.Debug|Any CPU.Build.0 = Debug|Any CPU
		{FDB388DC-CA3A-480D-8352-F7A7631E94A0}.Release|Any CPU.ActiveCfg = Release|Any CPU
		{FDB388DC-CA3A-480D-8352-F7A7631E94A0}.Release|Any CPU.Build.0 = Release|Any CPU
		{88035E7E-231B-4EE1-BB90-00E154B95EFA}.Debug|Any CPU.ActiveCfg = Debug|Any CPU
		{88035E7E-231B-4EE1-BB90-00E154B95EFA}.Debug|Any CPU.Build.0 = Debug|Any CPU
		{88035E7E-231B-4EE1-BB90-00E154B95EFA}.Release|Any CPU.ActiveCfg = Release|Any CPU
		{88035E7E-231B-4EE1-BB90-00E154B95EFA}.Release|Any CPU.Build.0 = Release|Any CPU
		{7FA78808-65A7-4FFE-971F-E798BA058C06}.Debug|Any CPU.ActiveCfg = Debug|Any CPU
		{7FA78808-65A7-4FFE-971F-E798BA058C06}.Debug|Any CPU.Build.0 = Debug|Any CPU
		{7FA78808-65A7-4FFE-971F-E798BA058C06}.Release|Any CPU.ActiveCfg = Release|Any CPU
		{7FA78808-65A7-4FFE-971F-E798BA058C06}.Release|Any CPU.Build.0 = Release|Any CPU
	EndGlobalSection
	GlobalSection(SolutionProperties) = preSolution
		HideSolutionNode = FALSE
	EndGlobalSection
	GlobalSection(ExtensibilityGlobals) = postSolution
		SolutionGuid = {51427D13-A4EA-4ACD-8071-6E9EC2269568}
	EndGlobalSection
EndGlobal
