
Microsoft Visual Studio Solution File, Format Version 12.00
# Visual Studio Version 16
VisualStudioVersion = 16.0.30804.86
MinimumVisualStudioVersion = 10.0.40219.1
Project("{FAE04EC0-301F-11D3-BF4B-00C04F79EFBC}") = "PrismApp2", "PrismApp2.csproj", "{84F70B26-5EAB-48F7-9E6D-FB56500DA5ED}"
EndProject
Project("{9A19103F-16F7-4668-BE54-9A1E7A4F7556}") = "VNC.CoreNF", "..\..\vnc\VNC.Core\VNC.CoreNF.csproj", "{38553815-28DF-4B93-9429-21CE8EC3396A}"
EndProject
Global
	GlobalSection(SolutionConfigurationPlatforms) = preSolution
		Debug|Any CPU = Debug|Any CPU
		Release|Any CPU = Release|Any CPU
	EndGlobalSection
	GlobalSection(ProjectConfigurationPlatforms) = postSolution
		{84F70B26-5EAB-48F7-9E6D-FB56500DA5ED}.Debug|Any CPU.ActiveCfg = Debug|Any CPU
		{84F70B26-5EAB-48F7-9E6D-FB56500DA5ED}.Debug|Any CPU.Build.0 = Debug|Any CPU
		{84F70B26-5EAB-48F7-9E6D-FB56500DA5ED}.Release|Any CPU.ActiveCfg = Release|Any CPU
		{84F70B26-5EAB-48F7-9E6D-FB56500DA5ED}.Release|Any CPU.Build.0 = Release|Any CPU
		{38553815-28DF-4B93-9429-21CE8EC3396A}.Debug|Any CPU.ActiveCfg = Debug|Any CPU
		{38553815-28DF-4B93-9429-21CE8EC3396A}.Debug|Any CPU.Build.0 = Debug|Any CPU
		{38553815-28DF-4B93-9429-21CE8EC3396A}.Release|Any CPU.ActiveCfg = Release|Any CPU
		{38553815-28DF-4B93-9429-21CE8EC3396A}.Release|Any CPU.Build.0 = Release|Any CPU
	EndGlobalSection
	GlobalSection(SolutionProperties) = preSolution
		HideSolutionNode = FALSE
	EndGlobalSection
	GlobalSection(ExtensibilityGlobals) = postSolution
		SolutionGuid = {3DF3E343-FF96-4043-9CAF-EBF20F26AA58}
	EndGlobalSection
EndGlobal
